# This file is generated by running "yarn install" inside your project.
# Manual changes might be lost - proceed with caution!

__metadata:
  version: 4
  cacheKey: 6

"@paroz.io/yakshed@workspace:.":
  version: 0.0.0-use.local
  resolution: "@paroz.io/yakshed@workspace:."
  dependencies:
    prettier: ~2.1.1
    yarn: ^2.0.0-rc.27
  languageName: unknown
  linkType: soft

"prettier@npm:~2.1.1":
  version: 2.1.1
  resolution: "prettier@npm:2.1.1"
  bin:
    prettier: bin-prettier.js
  checksum: 420a807cda2d482388daa42379a7aaa1be629cb71f5792362a971a5ed1c6ff377d2e311818d24e9390a4a8a6eac3fda9ebe6975f2168efec893790c0497d8a93
  languageName: node
  linkType: hard

"yarn@npm:^2.0.0-rc.27":
  version: 2.0.0-rc.27
  resolution: "yarn@npm:2.0.0-rc.27"
  bin:
    yarn: ./bin/yarn.js
    yarnpkg: ./bin/yarn.js
  checksum: 9b3c94cc477877f834f9c691d925fa74265cbd50841d5620800ebaebb17aebed5f23301aa253843242690464db251dd643cdeee8407910532a1c9af20fff1864
  languageName: node
  linkType: hard
